
Microsoft Visual Studio Solution File, Format Version 12.00
# Visual Studio Version 17
VisualStudioVersion = 17.5.33516.290
MinimumVisualStudioVersion = 10.0.40219.1
Project("{FAE04EC0-301F-11D3-BF4B-00C04F79EFBC}") = "laba14", "laba14.csproj", "{224A4B0E-2289-4CBE-A9FD-1FDD488BB381}"
EndProject
Global
	GlobalSection(SolutionConfigurationPlatforms) = preSolution
		Debug|Any CPU = Debug|Any CPU
		Release|Any CPU = Release|Any CPU
	EndGlobalSection
	GlobalSection(ProjectConfigurationPlatforms) = postSolution
		{224A4B0E-2289-4CBE-A9FD-1FDD488BB381}.Debug|Any CPU.ActiveCfg = Debug|Any CPU
		{224A4B0E-2289-4CBE-A9FD-1FDD488BB381}.Debug|Any CPU.Build.0 = Debug|Any CPU
		{224A4B0E-2289-4CBE-A9FD-1FDD488BB381}.Release|Any CPU.ActiveCfg = Release|Any CPU
		{224A4B0E-2289-4CBE-A9FD-1FDD488BB381}.Release|Any CPU.Build.0 = Release|Any CPU
	EndGlobalSection
	GlobalSection(SolutionProperties) = preSolution
		HideSolutionNode = FALSE
	EndGlobalSection
	GlobalSection(ExtensibilityGlobals) = postSolution
		SolutionGuid = {22109A24-FD84-490B-AF6B-55CFD7DADAC9}
	EndGlobalSection
EndGlobal
