
Microsoft Visual Studio Solution File, Format Version 12.00
# Visual Studio Version 17
VisualStudioVersion = 17.5.33516.290
MinimumVisualStudioVersion = 10.0.40219.1
Project("{FAE04EC0-301F-11D3-BF4B-00C04F79EFBC}") = "lab2", "lab2.csproj", "{57110BF6-7792-4CEA-9374-F4215C9A8DF5}"
EndProject
Global
	GlobalSection(SolutionConfigurationPlatforms) = preSolution
		Debug|Any CPU = Debug|Any CPU
		Release|Any CPU = Release|Any CPU
	EndGlobalSection
	GlobalSection(ProjectConfigurationPlatforms) = postSolution
		{57110BF6-7792-4CEA-9374-F4215C9A8DF5}.Debug|Any CPU.ActiveCfg = Debug|Any CPU
		{57110BF6-7792-4CEA-9374-F4215C9A8DF5}.Debug|Any CPU.Build.0 = Debug|Any CPU
		{57110BF6-7792-4CEA-9374-F4215C9A8DF5}.Release|Any CPU.ActiveCfg = Release|Any CPU
		{57110BF6-7792-4CEA-9374-F4215C9A8DF5}.Release|Any CPU.Build.0 = Release|Any CPU
	EndGlobalSection
	GlobalSection(SolutionProperties) = preSolution
		HideSolutionNode = FALSE
	EndGlobalSection
	GlobalSection(ExtensibilityGlobals) = postSolution
		SolutionGuid = {E477A40E-3D45-4C6E-9125-01519D0CF2AA}
	EndGlobalSection
EndGlobal
